github.com/creachadair/ffs v0.0.0-20221231232903-d038b58b6302 h1:Qiaoy4Id8N1kNyRHVgrnceUxT0eLdhMj8W5jEpiv6O4=
github.com/creachadair/ffs v0.0.0-20221231232903-d038b58b6302/go.mod h1:6eyRjEfI8nh3COywjcBI2gnpot1tb5yoWZskeih5Ofw=
github.com/creachadair/jrpc2 v0.43.0 h1:sgYSOoAWXZ5cx9pd2pYH8dkrjCNdDpFwhO4ucMeUz7U=
github.com/creachadair/jrpc2 v0.43.0/go.mod h1:oOdNFoMQQpSirGcSujG10NYl05K/IYrIUUNbh+/Xcd8=
github.com/fortytw2/leaktest v1.3.0 h1:u8491cBMTQ8ft8aeV+adlcytMZylmA5nnwwkRZjI8vw=
github.com/google/go-cmp v0.5.9 h1:O2Tfq5qg4qc4AmwVlvv0oLiVAGB7enBSJ2x2DqQFi38=
github.com/google/go-cmp v0.5.9/go.mod h1:17dUlkBOakJ0+DkrSSNjCkIjxS6bF9zb3elmeNGIjoY=
golang.org/x/sync v0.1.0 h1:wsuoTGHzEhffawBOhz5CYhcrV4IdKZbEyZjBMuTp12o=
golang.org/x/sync v0.1.0/go.mod h1:RxMgew5VJxzue5/jJTE5uejpjVlOe/izrB70Jof72aM=
